
Microsoft Visual Studio Solution File, Format Version 12.00
# Visual Studio Version 16
VisualStudioVersion = 16.0.30011.22
MinimumVisualStudioVersion = 10.0.40219.1
Project("{FAE04EC0-301F-11D3-BF4B-00C04F79EFBC}") = "EFCore", "EFCore\EFCore.csproj", "{763484A7-B929-4183-A281-7C36386B3635}"
EndProject
Global
	GlobalSection(SolutionConfigurationPlatforms) = preSolution
		Debug|Any CPU = Debug|Any CPU
		Release|Any CPU = Release|Any CPU
	EndGlobalSection
	GlobalSection(ProjectConfigurationPlatforms) = postSolution
		{763484A7-B929-4183-A281-7C36386B3635}.Debug|Any CPU.ActiveCfg = Debug|Any CPU
		{763484A7-B929-4183-A281-7C36386B3635}.Debug|Any CPU.Build.0 = Debug|Any CPU
		{763484A7-B929-4183-A281-7C36386B3635}.Release|Any CPU.ActiveCfg = Release|Any CPU
		{763484A7-B929-4183-A281-7C36386B3635}.Release|Any CPU.Build.0 = Release|Any CPU
	EndGlobalSection
	GlobalSection(SolutionProperties) = preSolution
		HideSolutionNode = FALSE
	EndGlobalSection
	GlobalSection(ExtensibilityGlobals) = postSolution
		SolutionGuid = {57697CDA-4285-469B-85BE-92FF74EE8ADC}
	EndGlobalSection
EndGlobal
